
Microsoft Visual Studio Solution File, Format Version 12.00
Project("{FAE04EC0-301F-11D3-BF4B-00C04F79EFBC}") = "BankingSystem", "BankingSystem\BankingSystem.csproj", "{EC610D26-DCAA-4981-8F71-31C409BA30FE}"
EndProject
Global
	GlobalSection(SolutionConfigurationPlatforms) = preSolution
		Debug|Any CPU = Debug|Any CPU
		Release|Any CPU = Release|Any CPU
	EndGlobalSection
	GlobalSection(ProjectConfigurationPlatforms) = postSolution
		{EC610D26-DCAA-4981-8F71-31C409BA30FE}.Debug|Any CPU.ActiveCfg = Debug|Any CPU
		{EC610D26-DCAA-4981-8F71-31C409BA30FE}.Debug|Any CPU.Build.0 = Debug|Any CPU
		{EC610D26-DCAA-4981-8F71-31C409BA30FE}.Release|Any CPU.ActiveCfg = Release|Any CPU
		{EC610D26-DCAA-4981-8F71-31C409BA30FE}.Release|Any CPU.Build.0 = Release|Any CPU
	EndGlobalSection
EndGlobal
